version = 1
requires-python = ">=3.11"

[[package]]
name = "certifi"
version = "2023.7.22"
source = { registry = "https://pypi.org/simple" }
sdist = { url = "https://files.pythonhosted.org/packages/98/98/c2ff18671db109c9f10ed27f5ef610ae05b73bd876664139cf95bd1429aa/certifi-2023.7.22.tar.gz", hash = "sha256:539cc1d13202e33ca466e88b2807e29f4c13049d6d87031a3c110744495cb082", size = 159517 }
wheels = [
    { url = "https://files.pythonhosted.org/packages/4c/dd/2234eab22353ffc7d94e8d13177aaa050113286e93e7b40eae01fbf7c3d9/certifi-2023.7.22-py3-none-any.whl", hash = "sha256:92d6037539857d8206b8f6ae472e8b77db8058fec5937a1ef3f54304089edbb9", size = 158334 },
]

[[package]]
name = "charset-normalizer"
version = "3.3.1"
source = { registry = "https://pypi.org/simple" }
sdist = { url = "https://files.pythonhosted.org/packages/6d/b3/aa417b4e3ace24067f243e45cceaffc12dba6b8bd50c229b43b3b163768b/charset-normalizer-3.3.1.tar.gz", hash = "sha256:d9137a876020661972ca6eec0766d81aef8a5627df628b664b234b73396e727e", size = 104095 }
wheels = [
    { url = "https://files.pythonhosted.org/packages/f4/db/048bf61f44c21287509d60bbe394f35f93b7db14ade99b8f5f9035ef04fc/charset_normalizer-3.3.1-cp311-cp311-macosx_10_9_universal2.whl", hash = "sha256:ae4070f741f8d809075ef697877fd350ecf0b7c5837ed68738607ee0a2c572cf", size = 187581 },
    { url = "https://files.pythonhosted.org/packages/ec/e9/5fe55dbe2204271ea8d6e1434af7d2067770364360b1fbeaa9cd4b8b4c47/charset_normalizer-3.3.1-cp311-cp311-macosx_10_9_x86_64.whl", hash = "sha256:58e875eb7016fd014c0eea46c6fa92b87b62c0cb31b9feae25cbbe62c919f54d", size = 119072 },
    { url = "https://files.pythonhosted.org/packages/49/48/b89a9ccc78ea7a2a0b37c20a912b98c840210f277747e2380ee8d72784cc/charset_normalizer-3.3.1-cp311-cp311-macosx_11_0_arm64.whl", hash = "sha256:dbd95e300367aa0827496fe75a1766d198d34385a58f97683fe6e07f89ca3e3c", size = 116809 },
    { url = "https://files.pythonhosted.org/packages/5d/b9/1972e394c367556c6e12739ed5f98ddba6ea1b51095b593c2b3eda8ef76e/charset_normalizer-3.3.1-cp311-cp311-manylinux_2_17_aarch64.manylinux2014_aarch64.whl", hash = "sha256:de0b4caa1c8a21394e8ce971997614a17648f94e1cd0640fbd6b4d14cab13a72", size = 134164 },
    { url = "https://files.pythonhosted.org/packages/6e/a5/87ccac8092c29f657181a92240a5113691f802fe9fda36cba34a402563e0/charset_normalizer-3.3.1-cp311-cp311-manylinux_2_17_ppc64le.manylinux2014_ppc64le.whl", hash = "sha256:985c7965f62f6f32bf432e2681173db41336a9c2611693247069288bcb0c7f8b", size = 143695 },
    { url = "https://files.pythonhosted.org/packages/5e/58/0aea72c42480fa5cd5fcf681b9e3f650456a690b3557f85e3ff8a6db4e4c/charset_normalizer-3.3.1-cp311-cp311-manylinux_2_17_s390x.manylinux2014_s390x.whl", hash = "sha256:a15c1fe6d26e83fd2e5972425a772cca158eae58b05d4a25a4e474c221053e2d", size = 136591 },
    { url = "https://files.pythonhosted.org/packages/ae/e5/8c290f1dd50aae55d1ec20420a6df3c051d6f5ad78ee5b88b1a7ef26634b/charset_normalizer-3.3.1-cp311-cp311-manylinux_2_17_x86_64.manylinux2014_x86_64.whl", hash = "sha256:ae55d592b02c4349525b6ed8f74c692509e5adffa842e582c0f861751701a673", size = 137510 },
    { url = "https://files.pythonhosted.org/packages/dc/9b/b28dd88e6f3e5fb231d2fcd43660047aa055feceadbafaa8d9d10ea8c48e/charset_normalizer-3.3.1-cp311-cp311-manylinux_2_5_i686.manylinux1_i686.manylinux_2_17_i686.manylinux2014_i686.whl", hash = "sha256:be4d9c2770044a59715eb57c1144dedea7c5d5ae80c68fb9959515037cde2008", size = 139858 },
    { url = "https://files.pythonhosted.org/packages/8f/6c/e6258afa32fcfe58c24b7ac80f2499f0683999924f43b439be40f040266f/charset_normalizer-3.3.1-cp311-cp311-musllinux_1_1_aarch64.whl", hash = "sha256:851cf693fb3aaef71031237cd68699dded198657ec1e76a76eb8be58c03a5d1f", size = 135095 },
    { url = "https://files.pythonhosted.org/packages/d1/95/ddcab18a631f3705248e5027b8f6e54aba7bbdd64d19f6f7db951cda54b9/charset_normalizer-3.3.1-cp311-cp311-musllinux_1_1_i686.whl", hash = "sha256:31bbaba7218904d2eabecf4feec0d07469284e952a27400f23b6628439439fa7", size = 140760 },
    { url = "https://files.pythonhosted.org/packages/4f/72/1b5ddf63cb0dcb1748068fc6aba498b72513b17969adaf0dd978b6afe46b/charset_normalizer-3.3.1-cp311-cp311-musllinux_1_1_ppc64le.whl", hash = "sha256:871d045d6ccc181fd863a3cd66ee8e395523ebfbc57f85f91f035f50cee8e3d4", size = 145476 },
    { url = "https://files.pythonhosted.org/packages/89/28/5da57065951f04269c69b8eba0546f6f5b1fb1c0207714f3c3b30732727b/charset_normalizer-3.3.1-cp311-cp311-musllinux_1_1_s390x.whl", hash = "sha256:501adc5eb6cd5f40a6f77fbd90e5ab915c8fd6e8c614af2db5561e16c600d6f3", size = 137461 },
    { url = "https://files.pythonhosted.org/packages/ea/11/e2908ae0f5812d054350f32d32734194c3d0677b2f676d3580a81a3d73c1/charset_normalizer-3.3.1-cp311-cp311-musllinux_1_1_x86_64.whl", hash = "sha256:f5fb672c396d826ca16a022ac04c9dce74e00a1c344f6ad1a0fdc1ba1f332213", size = 138003 },
    { url = "https://files.pythonhosted.org/packages/7a/1d/2f1a3bd50ac35135b3b8bce327e21a2afcaeed93747b2f24922207b83cac/charset_normalizer-3.3.1-cp311-cp311-win32.whl", hash = "sha256:bb06098d019766ca16fc915ecaa455c1f1cd594204e7f840cd6258237b5079a8", size = 91204 },
    { url = "https://files.pythonhosted.org/packages/ef/96/1c7e85db0a1b2f182d47375987e82aacb60c987e3943b11ccce3fc6aebab/charset_normalizer-3.3.1-cp311-cp311-win_amd64.whl", hash = "sha256:8af5a8917b8af42295e86b64903156b4f110a30dca5f3b5aedea123fbd638bff", size = 98322 },
    { url = "https://files.pythonhosted.org/packages/95/7b/191f93d117d914b55baa2f06b8a08eb9e7858774c0ddf2c2a8b68330cee6/charset_normalizer-3.3.1-cp312-cp312-macosx_10_9_universal2.whl", hash = "sha256:7ae8e5142dcc7a49168f4055255dbcced01dc1714a90a21f87448dc8d90617d1", size = 188666 },
    { url = "https://files.pythonhosted.org/packages/be/d0/a14afd69344d248d7e8ab495b44be6957a6fd3718ffeb6b48674f206e8fa/charset_normalizer-3.3.1-cp312-cp312-macosx_10_9_x86_64.whl", hash = "sha256:5b70bab78accbc672f50e878a5b73ca692f45f5b5e25c8066d748c09405e6a55", size = 119936 },
    { url = "https://files.pythonhosted.org/packages/d4/85/5fdf066f9eb035cac957e89f90508a2698d1c8bd93d6a6477ab449e72cdc/charset_normalizer-3.3.1-cp312-cp312-macosx_11_0_arm64.whl", hash = "sha256:5ceca5876032362ae73b83347be8b5dbd2d1faf3358deb38c9c88776779b2e2f", size = 117166 },
    { url = "https://files.pythonhosted.org/packages/bc/91/b90b70780b2481247d53bdd3657487005affa804418cefa5fba303909985/charset_normalizer-3.3.1-cp312-cp312-manylinux_2_17_aarch64.manylinux2014_aarch64.whl", hash = "sha256:34d95638ff3613849f473afc33f65c401a89f3b9528d0d213c7037c398a51296", size = 134804 },
    { url = "https://files.pythonhosted.org/packages/65/96/2c5d1e789967610eb31d3babd10072bc2e0e6467efa008e06d9cadebac44/charset_normalizer-3.3.1-cp312-cp312-manylinux_2_17_ppc64le.manylinux2014_ppc64le.whl", hash = "sha256:9edbe6a5bf8b56a4a84533ba2b2f489d0046e755c29616ef8830f9e7d9cf5728", size = 144436 },
    { url = "https://files.pythonhosted.org/packages/e3/43/7d932d0a52ba4a9ae6c2c5f1a17bfae553595587de184522dc154727de85/charset_normalizer-3.3.1-cp312-cp312-manylinux_2_17_s390x.manylinux2014_s390x.whl", hash = "sha256:f6a02a3c7950cafaadcd46a226ad9e12fc9744652cc69f9e5534f98b47f3bbcf", size = 137368 },
    { url = "https://files.pythonhosted.org/packages/93/6d/63027361182c26155517ed010a05d73528511f45faab2047a014e69c4651/charset_normalizer-3.3.1-cp312-cp312-manylinux_2_17_x86_64.manylinux2014_x86_64.whl", hash = "sha256:10b8dd31e10f32410751b3430996f9807fc4d1587ca69772e2aa940a82ab571a", size = 139124 },
    { url = "https://files.pythonhosted.org/packages/c5/4d/3b0f81da0011755a0d796eff2ff36cda713b0fdc913d93cca121f623e703/charset_normalizer-3.3.1-cp312-cp312-manylinux_2_5_i686.manylinux1_i686.manylinux_2_17_i686.manylinux2014_i686.whl", hash = "sha256:edc0202099ea1d82844316604e17d2b175044f9bcb6b398aab781eba957224bd", size = 141305 },
    { url = "https://files.pythonhosted.org/packages/26/a4/086415b5c422527bf046eb66ee7f4605bc9218464703cf6dd4f2a3908a49/charset_normalizer-3.3.1-cp312-cp312-musllinux_1_1_aarch64.whl", hash = "sha256:b891a2f68e09c5ef989007fac11476ed33c5c9994449a4e2c3386529d703dc8b", size = 135484 },
    { url = "https://files.pythonhosted.org/packages/58/36/0fa50b4c5e0fb8633b725389835084adc12bf102de666233413012b538ce/charset_normalizer-3.3.1-cp312-cp312-musllinux_1_1_i686.whl", hash = "sha256:71ef3b9be10070360f289aea4838c784f8b851be3ba58cf796262b57775c2f14", size = 142103 },
    { url = "https://files.pythonhosted.org/packages/ab/ae/0ce19f42cc559c610e38dfa9deed259b2ced0b22b1f3e3a4fa2437e2801b/charset_normalizer-3.3.1-cp312-cp312-musllinux_1_1_ppc64le.whl", hash = "sha256:55602981b2dbf8184c098bc10287e8c245e351cd4fdcad050bd7199d5a8bf514", size = 146388 },
    { url = "https://files.pythonhosted.org/packages/2c/ed/614664c8c8cfcdbfb883886a07adfb11113d8d7318a96d3da6ecdda2acdc/charset_normalizer-3.3.1-cp312-cp312-musllinux_1_1_s390x.whl", hash = "sha256:46fb9970aa5eeca547d7aa0de5d4b124a288b42eaefac677bde805013c95725c", size = 138315 },
    { url = "https://files.pythonhosted.org/packages/30/c8/083fdaa56751ce753d16594973cbfe838b67b24b448aaac7ca3298eb7a70/charset_normalizer-3.3.1-cp312-cp312-musllinux_1_1_x86_64.whl", hash = "sha256:520b7a142d2524f999447b3a0cf95115df81c4f33003c51a6ab637cbda9d0bf4", size = 139231 },
    { url = "https://files.pythonhosted.org/packages/6d/75/405dfa90cb7afcc8b3aa35e8da1aa9a0b69743263872d762f29c6a435a68/charset_normalizer-3.3.1-cp312-cp312-win32.whl", hash = "sha256:8ec8ef42c6cd5856a7613dcd1eaf21e5573b2185263d87d27c8edcae33b62a61", size = 91786 },
    { url = "https://files.pythonhosted.org/packages/b2/a5/d52c61864fea4b02ef11da0a2e829ea7b365e09fae2a132314541ad01ae4/charset_normalizer-3.3.1-cp312-cp312-win_amd64.whl", hash = "sha256:baec8148d6b8bd5cee1ae138ba658c71f5b03e0d69d5907703e3e1df96db5e41", size = 98756 },
    { url = "https://files.pythonhosted.org/packages/22/ac/70f41edd03346a23df001e67daffebbf74cb0ab2d2347725d633efa6d379/charset_normalizer-3.3.1-py3-none-any.whl", hash = "sha256:800561453acdecedaac137bf09cd719c7a440b6800ec182f077bb8e7025fb708", size = 48246 },
]

[[package]]
name = "fafed"
version = "0.1.0"
source = { virtual = "." }
dependencies = [
    { name = "certifi" },
    { name = "charset-normalizer" },
    { name = "filelock" },
    { name = "fsspec" },
    { name = "idna" },
    { name = "jinja2" },
    { name = "markupsafe" },
    { name = "mpmath" },
    { name = "networkx" },
    { name = "numpy" },
    { name = "pillow" },
    { name = "requests" },
    { name = "setuptools" },
    { name = "sympy" },
    { name = "torch" },
    { name = "torchaudio" },
    { name = "torchvision" },
    { name = "typing-extensions" },
    { name = "urllib3" },
]

[package.metadata]
requires-dist = [
    { name = "certifi", specifier = "==2023.7.22" },
    { name = "charset-normalizer", specifier = "==3.3.1" },
    { name = "filelock", specifier = "==3.12.4" },
    { name = "fsspec", specifier = "==2023.10.0" },
    { name = "idna", specifier = "==3.4" },
    { name = "jinja2", specifier = "==3.1.2" },
    { name = "markupsafe", specifier = "==2.1.3" },
    { name = "mpmath", specifier = "==1.3.0" },
    { name = "networkx", specifier = "==3.1" },
    { name = "numpy", specifier = "==1.24.4" },
    { name = "pillow", specifier = "==10.1.0" },
    { name = "requests", specifier = "==2.31.0" },
    { name = "setuptools", specifier = ">=75.1.0" },
    { name = "sympy", specifier = "==1.12" },
    { name = "torch", specifier = "==2.1.0" },
    { name = "torchaudio", specifier = "==2.1.0" },
    { name = "torchvision", specifier = "==0.16.0" },
    { name = "typing-extensions", specifier = "==4.8.0" },
    { name = "urllib3", specifier = "==2.0.7" },
]

[[package]]
name = "filelock"
version = "3.12.4"
source = { registry = "https://pypi.org/simple" }
sdist = { url = "https://files.pythonhosted.org/packages/d5/71/bb1326535231229dd69a9dd2e338f6f54b2d57bd88fc4a52285c0ab8a5f6/filelock-3.12.4.tar.gz", hash = "sha256:2e6f249f1f3654291606e046b09f1fd5eac39b360664c27f5aad072012f8bcbd", size = 13758 }
wheels = [
    { url = "https://files.pythonhosted.org/packages/5e/5d/97afbafd9d584ff1b45fcb354a479a3609bd97f912f8f1f6c563cb1fae21/filelock-3.12.4-py3-none-any.whl", hash = "sha256:08c21d87ded6e2b9da6728c3dff51baf1dcecf973b768ef35bcbc3447edb9ad4", size = 11221 },
]

[[package]]
name = "fsspec"
version = "2023.10.0"
source = { registry = "https://pypi.org/simple" }
sdist = { url = "https://files.pythonhosted.org/packages/a4/f7/16ec1f92523165d10301cfa8cb83df0356dbe615d4ca5ed611a16f53e09a/fsspec-2023.10.0.tar.gz", hash = "sha256:330c66757591df346ad3091a53bd907e15348c2ba17d63fd54f5c39c4457d2a5", size = 165452 }
wheels = [
    { url = "https://files.pythonhosted.org/packages/e8/f6/3eccfb530aac90ad1301c582da228e4763f19e719ac8200752a4841b0b2d/fsspec-2023.10.0-py3-none-any.whl", hash = "sha256:346a8f024efeb749d2a5fca7ba8854474b1ff9af7c3faaf636a4548781136529", size = 166384 },
]

[[package]]
name = "idna"
version = "3.4"
source = { registry = "https://pypi.org/simple" }
sdist = { url = "https://files.pythonhosted.org/packages/8b/e1/43beb3d38dba6cb420cefa297822eac205a277ab43e5ba5d5c46faf96438/idna-3.4.tar.gz", hash = "sha256:814f528e8dead7d329833b91c5faa87d60bf71824cd12a7530b5526063d02cb4", size = 183077 }
wheels = [
    { url = "https://files.pythonhosted.org/packages/fc/34/3030de6f1370931b9dbb4dad48f6ab1015ab1d32447850b9fc94e60097be/idna-3.4-py3-none-any.whl", hash = "sha256:90b77e79eaa3eba6de819a0c442c0b4ceefc341a7a2ab77d7562bf49f425c5c2", size = 61538 },
]

[[package]]
name = "jinja2"
version = "3.1.2"
source = { registry = "https://pypi.org/simple" }
dependencies = [
    { name = "markupsafe" },
]
sdist = { url = "https://files.pythonhosted.org/packages/7a/ff/75c28576a1d900e87eb6335b063fab47a8ef3c8b4d88524c4bf78f670cce/Jinja2-3.1.2.tar.gz", hash = "sha256:31351a702a408a9e7595a8fc6150fc3f43bb6bf7e319770cbc0db9df9437e852", size = 268239 }
wheels = [
    { url = "https://files.pythonhosted.org/packages/bc/c3/f068337a370801f372f2f8f6bad74a5c140f6fda3d9de154052708dd3c65/Jinja2-3.1.2-py3-none-any.whl", hash = "sha256:6088930bfe239f0e6710546ab9c19c9ef35e29792895fed6e6e31a023a182a61", size = 133101 },
]

[[package]]
name = "markupsafe"
version = "2.1.3"
source = { registry = "https://pypi.org/simple" }
sdist = { url = "https://files.pythonhosted.org/packages/6d/7c/59a3248f411813f8ccba92a55feaac4bf360d29e2ff05ee7d8e1ef2d7dbf/MarkupSafe-2.1.3.tar.gz", hash = "sha256:af598ed32d6ae86f1b747b82783958b1a4ab8f617b06fe68795c7f026abbdcad", size = 19132 }
wheels = [
    { url = "https://files.pythonhosted.org/packages/fe/09/c31503cb8150cf688c1534a7135cc39bb9092f8e0e6369ec73494d16ee0e/MarkupSafe-2.1.3-cp311-cp311-macosx_10_9_universal2.whl", hash = "sha256:ad9e82fb8f09ade1c3e1b996a6337afac2b8b9e365f926f5a61aacc71adc5b3c", size = 17862 },
    { url = "https://files.pythonhosted.org/packages/c0/c7/171f5ac6b065e1425e8fabf4a4dfbeca76fd8070072c6a41bd5c07d90d8b/MarkupSafe-2.1.3-cp311-cp311-macosx_10_9_x86_64.whl", hash = "sha256:3c0fae6c3be832a0a0473ac912810b2877c8cb9d76ca48de1ed31e1c68386575", size = 13738 },
    { url = "https://files.pythonhosted.org/packages/a2/f7/9175ad1b8152092f7c3b78c513c1bdfe9287e0564447d1c2d3d1a2471540/MarkupSafe-2.1.3-cp311-cp311-manylinux_2_17_aarch64.manylinux2014_aarch64.whl", hash = "sha256:b076b6226fb84157e3f7c971a47ff3a679d837cf338547532ab866c57930dbee", size = 28891 },
    { url = "https://files.pythonhosted.org/packages/fe/21/2eff1de472ca6c99ec3993eab11308787b9879af9ca8bbceb4868cf4f2ca/MarkupSafe-2.1.3-cp311-cp311-manylinux_2_17_x86_64.manylinux2014_x86_64.whl", hash = "sha256:bfce63a9e7834b12b87c64d6b155fdd9b3b96191b6bd334bf37db7ff1fe457f2", size = 28096 },
    { url = "https://files.pythonhosted.org/packages/f4/a0/103f94793c3bf829a18d2415117334ece115aeca56f2df1c47fa02c6dbd6/MarkupSafe-2.1.3-cp311-cp311-manylinux_2_5_i686.manylinux1_i686.manylinux_2_17_i686.manylinux2014_i686.whl", hash = "sha256:338ae27d6b8745585f87218a3f23f1512dbf52c26c28e322dbe54bcede54ccb9", size = 27631 },
    { url = "https://files.pythonhosted.org/packages/43/70/f24470f33b2035b035ef0c0ffebf57006beb2272cf3df068fc5154e04ead/MarkupSafe-2.1.3-cp311-cp311-musllinux_1_1_aarch64.whl", hash = "sha256:e4dd52d80b8c83fdce44e12478ad2e85c64ea965e75d66dbeafb0a3e77308fcc", size = 33863 },
    { url = "https://files.pythonhosted.org/packages/32/d4/ce98c4ca713d91c4a17c1a184785cc00b9e9c25699d618956c2b9999500a/MarkupSafe-2.1.3-cp311-cp311-musllinux_1_1_i686.whl", hash = "sha256:df0be2b576a7abbf737b1575f048c23fb1d769f267ec4358296f31c2479db8f9", size = 32591 },
    { url = "https://files.pythonhosted.org/packages/bb/82/f88ccb3ca6204a4536cf7af5abdad7c3657adac06ab33699aa67279e0744/MarkupSafe-2.1.3-cp311-cp311-musllinux_1_1_x86_64.whl", hash = "sha256:5bbe06f8eeafd38e5d0a4894ffec89378b6c6a625ff57e3028921f8ff59318ac", size = 33186 },
    { url = "https://files.pythonhosted.org/packages/44/53/93405d37bb04a10c43b1bdd6f548097478d494d7eadb4b364e3e1337f0cc/MarkupSafe-2.1.3-cp311-cp311-win32.whl", hash = "sha256:dd15ff04ffd7e05ffcb7fe79f1b98041b8ea30ae9234aed2a9168b5797c3effb", size = 16537 },
    { url = "https://files.pythonhosted.org/packages/be/bb/08b85bc194034efbf572e70c3951549c8eca0ada25363afc154386b5390a/MarkupSafe-2.1.3-cp311-cp311-win_amd64.whl", hash = "sha256:134da1eca9ec0ae528110ccc9e48041e0828d79f24121a1a146161103c76e686", size = 17089 },
    { url = "https://files.pythonhosted.org/packages/89/5a/ee546f2aa73a1d6fcfa24272f356fe06d29acca81e76b8d32ca53e429a2e/MarkupSafe-2.1.3-cp312-cp312-macosx_10_9_universal2.whl", hash = "sha256:f698de3fd0c4e6972b92290a45bd9b1536bffe8c6759c62471efaa8acb4c37bc", size = 17849 },
    { url = "https://files.pythonhosted.org/packages/3a/72/9f683a059bde096776e8acf9aa34cbbba21ddc399861fe3953790d4f2cde/MarkupSafe-2.1.3-cp312-cp312-macosx_10_9_x86_64.whl", hash = "sha256:aa57bd9cf8ae831a362185ee444e15a93ecb2e344c8e52e4d721ea3ab6ef1823", size = 13700 },
    { url = "https://files.pythonhosted.org/packages/9d/78/92f15eb9b1e8f1668a9787ba103cf6f8d19a9efed8150245404836145c24/MarkupSafe-2.1.3-cp312-cp312-manylinux_2_17_aarch64.manylinux2014_aarch64.whl", hash = "sha256:ffcc3f7c66b5f5b7931a5aa68fc9cecc51e685ef90282f4a82f0f5e9b704ad11", size = 29319 },
    { url = "https://files.pythonhosted.org/packages/51/94/9a04085114ff2c24f7424dbc890a281d73c5a74ea935dc2e69c66a3bd558/MarkupSafe-2.1.3-cp312-cp312-manylinux_2_17_x86_64.manylinux2014_x86_64.whl", hash = "sha256:47d4f1c5f80fc62fdd7777d0d40a2e9dda0a05883ab11374334f6c4de38adffd", size = 28314 },
    { url = "https://files.pythonhosted.org/packages/ec/53/fcb3214bd370185e223b209ce6bb010fb887ea57173ca4f75bd211b24e10/MarkupSafe-2.1.3-cp312-cp312-manylinux_2_5_i686.manylinux1_i686.manylinux_2_17_i686.manylinux2014_i686.whl", hash = "sha256:1f67c7038d560d92149c060157d623c542173016c4babc0c1913cca0564b9939", size = 27696 },
    { url = "https://files.pythonhosted.org/packages/e7/33/54d29854716725d7826079b8984dd235fac76dab1c32321e555d493e61f5/MarkupSafe-2.1.3-cp312-cp312-musllinux_1_1_aarch64.whl", hash = "sha256:9aad3c1755095ce347e26488214ef77e0485a3c34a50c5a5e2471dff60b9dd9c", size = 33746 },
    { url = "https://files.pythonhosted.org/packages/11/40/ea7f85e2681d29bc9301c757257de561923924f24de1802d9c3baa396bb4/MarkupSafe-2.1.3-cp312-cp312-musllinux_1_1_i686.whl", hash = "sha256:14ff806850827afd6b07a5f32bd917fb7f45b046ba40c57abdb636674a8b559c", size = 32131 },
    { url = "https://files.pythonhosted.org/packages/41/f1/bc770c37ecd58638c18f8ec85df205dacb818ccf933692082fd93010a4bc/MarkupSafe-2.1.3-cp312-cp312-musllinux_1_1_x86_64.whl", hash = "sha256:8f9293864fe09b8149f0cc42ce56e3f0e54de883a9de90cd427f191c346eb2e1", size = 32878 },
    { url = "https://files.pythonhosted.org/packages/49/74/bf95630aab0a9ed6a67556cd4e54f6aeb0e74f4cb0fd2f229154873a4be4/MarkupSafe-2.1.3-cp312-cp312-win32.whl", hash = "sha256:715d3562f79d540f251b99ebd6d8baa547118974341db04f5ad06d5ea3eb8007", size = 16426 },
    { url = "https://files.pythonhosted.org/packages/44/44/dbaf65876e258facd65f586dde158387ab89963e7f2235551afc9c2e24c2/MarkupSafe-2.1.3-cp312-cp312-win_amd64.whl", hash = "sha256:1b8dd8c3fd14349433c79fa8abeb573a55fc0fdd769133baac1f5e07abf54aeb", size = 16979 },
]

[[package]]
name = "mpmath"
version = "1.3.0"
source = { registry = "https://pypi.org/simple" }
sdist = { url = "https://files.pythonhosted.org/packages/e0/47/dd32fa426cc72114383ac549964eecb20ecfd886d1e5ccf5340b55b02f57/mpmath-1.3.0.tar.gz", hash = "sha256:7a28eb2a9774d00c7bc92411c19a89209d5da7c4c9a9e227be8330a23a25b91f", size = 508106 }
wheels = [
    { url = "https://files.pythonhosted.org/packages/43/e3/7d92a15f894aa0c9c4b49b8ee9ac9850d6e63b03c9c32c0367a13ae62209/mpmath-1.3.0-py3-none-any.whl", hash = "sha256:a0b2b9fe80bbcd81a6647ff13108738cfb482d481d826cc0e02f5b35e5c88d2c", size = 536198 },
]

[[package]]
name = "networkx"
version = "3.1"
source = { registry = "https://pypi.org/simple" }
sdist = { url = "https://files.pythonhosted.org/packages/fd/a1/47b974da1a73f063c158a1f4cc33ed0abf7c04f98a19050e80c533c31f0c/networkx-3.1.tar.gz", hash = "sha256:de346335408f84de0eada6ff9fafafff9bcda11f0a0dfaa931133debb146ab61", size = 2021691 }
wheels = [
    { url = "https://files.pythonhosted.org/packages/a8/05/9d4f9b78ead6b2661d6e8ea772e111fc4a9fbd866ad0c81906c11206b55e/networkx-3.1-py3-none-any.whl", hash = "sha256:4f33f68cb2afcf86f28a45f43efc27a9386b535d567d2127f8f61d51dec58d36", size = 2072251 },
]

[[package]]
name = "numpy"
version = "1.24.4"
source = { registry = "https://pypi.org/simple" }
sdist = { url = "https://files.pythonhosted.org/packages/a4/9b/027bec52c633f6556dba6b722d9a0befb40498b9ceddd29cbe67a45a127c/numpy-1.24.4.tar.gz", hash = "sha256:80f5e3a4e498641401868df4208b74581206afbee7cf7b8329daae82676d9463", size = 10911229 }
wheels = [
    { url = "https://files.pythonhosted.org/packages/a9/cc/5ed2280a27e5dab12994c884f1f4d8c3bd4d885d02ae9e52a9d213a6a5e2/numpy-1.24.4-cp311-cp311-macosx_10_9_x86_64.whl", hash = "sha256:f136bab9c2cfd8da131132c2cf6cc27331dd6fae65f95f69dcd4ae3c3639c810", size = 19775508 },
    { url = "https://files.pythonhosted.org/packages/c0/bc/77635c657a3668cf652806210b8662e1aff84b818a55ba88257abf6637a8/numpy-1.24.4-cp311-cp311-macosx_11_0_arm64.whl", hash = "sha256:e2926dac25b313635e4d6cf4dc4e51c8c0ebfed60b801c799ffc4c32bf3d1254", size = 13840033 },
    { url = "https://files.pythonhosted.org/packages/a7/4c/96cdaa34f54c05e97c1c50f39f98d608f96f0677a6589e64e53104e22904/numpy-1.24.4-cp311-cp311-manylinux_2_17_aarch64.manylinux2014_aarch64.whl", hash = "sha256:222e40d0e2548690405b0b3c7b21d1169117391c2e82c378467ef9ab4c8f0da7", size = 13991951 },
    { url = "https://files.pythonhosted.org/packages/22/97/dfb1a31bb46686f09e68ea6ac5c63fdee0d22d7b23b8f3f7ea07712869ef/numpy-1.24.4-cp311-cp311-manylinux_2_17_x86_64.manylinux2014_x86_64.whl", hash = "sha256:7215847ce88a85ce39baf9e89070cb860c98fdddacbaa6c0da3ffb31b3350bd5", size = 17278923 },
    { url = "https://files.pythonhosted.org/packages/35/e2/76a11e54139654a324d107da1d98f99e7aa2a7ef97cfd7c631fba7dbde71/numpy-1.24.4-cp311-cp311-win32.whl", hash = "sha256:4979217d7de511a8d57f4b4b5b2b965f707768440c17cb70fbf254c4b225238d", size = 12422446 },
    { url = "https://files.pythonhosted.org/packages/d8/ec/ebef2f7d7c28503f958f0f8b992e7ce606fb74f9e891199329d5f5f87404/numpy-1.24.4-cp311-cp311-win_amd64.whl", hash = "sha256:b7b1fc9864d7d39e28f41d089bfd6353cb5f27ecd9905348c24187a768c79694", size = 14834466 },
]

[[package]]
name = "nvidia-cublas-cu12"
version = "12.1.3.1"
source = { registry = "https://pypi.org/simple" }
wheels = [
    { url = "https://files.pythonhosted.org/packages/37/6d/121efd7382d5b0284239f4ab1fc1590d86d34ed4a4a2fdb13b30ca8e5740/nvidia_cublas_cu12-12.1.3.1-py3-none-manylinux1_x86_64.whl", hash = "sha256:ee53ccca76a6fc08fb9701aa95b6ceb242cdaab118c3bb152af4e579af792728", size = 410594774 },
]

[[package]]
name = "nvidia-cuda-cupti-cu12"
version = "12.1.105"
source = { registry = "https://pypi.org/simple" }
wheels = [
    { url = "https://files.pythonhosted.org/packages/7e/00/6b218edd739ecfc60524e585ba8e6b00554dd908de2c9c66c1af3e44e18d/nvidia_cuda_cupti_cu12-12.1.105-py3-none-manylinux1_x86_64.whl", hash = "sha256:e54fde3983165c624cb79254ae9818a456eb6e87a7fd4d56a2352c24ee542d7e", size = 14109015 },
]

[[package]]
name = "nvidia-cuda-nvrtc-cu12"
version = "12.1.105"
source = { registry = "https://pypi.org/simple" }
wheels = [
    { url = "https://files.pythonhosted.org/packages/b6/9f/c64c03f49d6fbc56196664d05dba14e3a561038a81a638eeb47f4d4cfd48/nvidia_cuda_nvrtc_cu12-12.1.105-py3-none-manylinux1_x86_64.whl", hash = "sha256:339b385f50c309763ca65456ec75e17bbefcbbf2893f462cb8b90584cd27a1c2", size = 23671734 },
]

[[package]]
name = "nvidia-cuda-runtime-cu12"
version = "12.1.105"
source = { registry = "https://pypi.org/simple" }
wheels = [
    { url = "https://files.pythonhosted.org/packages/eb/d5/c68b1d2cdfcc59e72e8a5949a37ddb22ae6cade80cd4a57a84d4c8b55472/nvidia_cuda_runtime_cu12-12.1.105-py3-none-manylinux1_x86_64.whl", hash = "sha256:6e258468ddf5796e25f1dc591a31029fa317d97a0a94ed93468fc86301d61e40", size = 823596 },
]

[[package]]
name = "nvidia-cudnn-cu12"
version = "8.9.2.26"
source = { registry = "https://pypi.org/simple" }
dependencies = [
    { name = "nvidia-cublas-cu12" },
]
wheels = [
    { url = "https://files.pythonhosted.org/packages/ff/74/a2e2be7fb83aaedec84f391f082cf765dfb635e7caa9b49065f73e4835d8/nvidia_cudnn_cu12-8.9.2.26-py3-none-manylinux1_x86_64.whl", hash = "sha256:5ccb288774fdfb07a7e7025ffec286971c06d8d7b4fb162525334616d7629ff9", size = 731725872 },
]

[[package]]
name = "nvidia-cufft-cu12"
version = "11.0.2.54"
source = { registry = "https://pypi.org/simple" }
wheels = [
    { url = "https://files.pythonhosted.org/packages/86/94/eb540db023ce1d162e7bea9f8f5aa781d57c65aed513c33ee9a5123ead4d/nvidia_cufft_cu12-11.0.2.54-py3-none-manylinux1_x86_64.whl", hash = "sha256:794e3948a1aa71fd817c3775866943936774d1c14e7628c74f6f7417224cdf56", size = 121635161 },
]

[[package]]
name = "nvidia-curand-cu12"
version = "10.3.2.106"
source = { registry = "https://pypi.org/simple" }
wheels = [
    { url = "https://files.pythonhosted.org/packages/44/31/4890b1c9abc496303412947fc7dcea3d14861720642b49e8ceed89636705/nvidia_curand_cu12-10.3.2.106-py3-none-manylinux1_x86_64.whl", hash = "sha256:9d264c5036dde4e64f1de8c50ae753237c12e0b1348738169cd0f8a536c0e1e0", size = 56467784 },
]

[[package]]
name = "nvidia-cusolver-cu12"
version = "11.4.5.107"
source = { registry = "https://pypi.org/simple" }
dependencies = [
    { name = "nvidia-cublas-cu12" },
    { name = "nvidia-cusparse-cu12" },
    { name = "nvidia-nvjitlink-cu12" },
]
wheels = [
    { url = "https://files.pythonhosted.org/packages/bc/1d/8de1e5c67099015c834315e333911273a8c6aaba78923dd1d1e25fc5f217/nvidia_cusolver_cu12-11.4.5.107-py3-none-manylinux1_x86_64.whl", hash = "sha256:8a7ec542f0412294b15072fa7dab71d31334014a69f953004ea7a118206fe0dd", size = 124161928 },
]

[[package]]
name = "nvidia-cusparse-cu12"
version = "12.1.0.106"
source = { registry = "https://pypi.org/simple" }
dependencies = [
    { name = "nvidia-nvjitlink-cu12" },
]
wheels = [
    { url = "https://files.pythonhosted.org/packages/65/5b/cfaeebf25cd9fdec14338ccb16f6b2c4c7fa9163aefcf057d86b9cc248bb/nvidia_cusparse_cu12-12.1.0.106-py3-none-manylinux1_x86_64.whl", hash = "sha256:f3b50f42cf363f86ab21f720998517a659a48131e8d538dc02f8768237bd884c", size = 195958278 },
]

[[package]]
name = "nvidia-nccl-cu12"
version = "2.18.1"
source = { registry = "https://pypi.org/simple" }
wheels = [
    { url = "https://files.pythonhosted.org/packages/a4/05/23f8f38eec3d28e4915725b233c24d8f1a33cb6540a882f7b54be1befa02/nvidia_nccl_cu12-2.18.1-py3-none-manylinux1_x86_64.whl", hash = "sha256:1a6c4acefcbebfa6de320f412bf7866de856e786e0462326ba1bac40de0b5e71", size = 209797524 },
]

[[package]]
name = "nvidia-nvjitlink-cu12"
version = "12.6.77"
source = { registry = "https://pypi.org/simple" }
wheels = [
    { url = "https://files.pythonhosted.org/packages/11/8c/386018fdffdce2ff8d43fedf192ef7d14cab7501cbf78a106dd2e9f1fc1f/nvidia_nvjitlink_cu12-12.6.77-py3-none-manylinux2014_aarch64.whl", hash = "sha256:3bf10d85bb1801e9c894c6e197e44dd137d2a0a9e43f8450e9ad13f2df0dd52d", size = 19270432 },
    { url = "https://files.pythonhosted.org/packages/fe/e4/486de766851d58699bcfeb3ba6a3beb4d89c3809f75b9d423b9508a8760f/nvidia_nvjitlink_cu12-12.6.77-py3-none-manylinux2014_x86_64.whl", hash = "sha256:9ae346d16203ae4ea513be416495167a0101d33d2d14935aa9c1829a3fb45142", size = 19745114 },
]

[[package]]
name = "nvidia-nvtx-cu12"
version = "12.1.105"
source = { registry = "https://pypi.org/simple" }
wheels = [
    { url = "https://files.pythonhosted.org/packages/da/d3/8057f0587683ed2fcd4dbfbdfdfa807b9160b809976099d36b8f60d08f03/nvidia_nvtx_cu12-12.1.105-py3-none-manylinux1_x86_64.whl", hash = "sha256:dc21cf308ca5691e7c04d962e213f8a4aa9bbfa23d95412f452254c2caeb09e5", size = 99138 },
]

[[package]]
name = "pillow"
version = "10.1.0"
source = { registry = "https://pypi.org/simple" }
sdist = { url = "https://files.pythonhosted.org/packages/80/d7/c4b258c9098b469c4a4e77b0a99b5f4fd21e359c2e486c977d231f52fc71/Pillow-10.1.0.tar.gz", hash = "sha256:e6bf8de6c36ed96c86ea3b6e1d5273c53f46ef518a062464cd7ef5dd2cf92e38", size = 50781360 }
wheels = [
    { url = "https://files.pythonhosted.org/packages/07/22/93d6b5aa5917d09ec7088a2c4d1821848f3f95fbdc2633ba9d9fc28444a1/Pillow-10.1.0-cp311-cp311-macosx_10_10_x86_64.whl", hash = "sha256:1fb29c07478e6c06a46b867e43b0bcdb241b44cc52be9bc25ce5944eed4648e7", size = 3484089 },
    { url = "https://files.pythonhosted.org/packages/c3/5b/6bcfd0c2631d1ce4bb29ea597556ed2783404c5ad38635caf7b3f2b19073/Pillow-10.1.0-cp311-cp311-macosx_11_0_arm64.whl", hash = "sha256:2cdc65a46e74514ce742c2013cd4a2d12e8553e3a2563c64879f7c7e4d28bce7", size = 3294744 },
    { url = "https://files.pythonhosted.org/packages/2a/ae/6b7673ae38cbd4821742acdb209e3e52c564dbe8ef8409d64d68ea0f9e6f/Pillow-10.1.0-cp311-cp311-manylinux_2_17_aarch64.manylinux2014_aarch64.whl", hash = "sha256:50d08cd0a2ecd2a8657bd3d82c71efd5a58edb04d9308185d66c3a5a5bed9610", size = 3424164 },
    { url = "https://files.pythonhosted.org/packages/cd/fa/87c27a90d97600edc639b06c14c63c8dac709e13e04714eb1dc949788f41/Pillow-10.1.0-cp311-cp311-manylinux_2_17_x86_64.manylinux2014_x86_64.whl", hash = "sha256:062a1610e3bc258bff2328ec43f34244fcec972ee0717200cb1425214fe5b839", size = 3499981 },
    { url = "https://files.pythonhosted.org/packages/5f/0a/8301b9384cbbd8542c2a5540fda1bce18c3203a0cc7becc9073bdee79ccb/Pillow-10.1.0-cp311-cp311-manylinux_2_28_aarch64.whl", hash = "sha256:61f1a9d247317fa08a308daaa8ee7b3f760ab1809ca2da14ecc88ae4257d6172", size = 3475329 },
    { url = "https://files.pythonhosted.org/packages/6f/d8/f31dd84b4363b5f24c71b25a13ec3855f5ff233e07e1c3f1f8e979e12be2/Pillow-10.1.0-cp311-cp311-manylinux_2_28_x86_64.whl", hash = "sha256:a646e48de237d860c36e0db37ecaecaa3619e6f3e9d5319e527ccbc8151df061", size = 3621689 },
    { url = "https://files.pythonhosted.org/packages/9d/20/5000e1a9696ee28c18c4bd158aaaed0dd65d3b13b6547c43b29f9851c2cc/Pillow-10.1.0-cp311-cp311-musllinux_1_1_aarch64.whl", hash = "sha256:47e5bf85b80abc03be7455c95b6d6e4896a62f6541c1f2ce77a7d2bb832af262", size = 3561247 },
    { url = "https://files.pythonhosted.org/packages/cf/f7/4c4428d56df4cf7dfc6b9fc9a8b0268cdbca7c6b5130bc090fbf7562b223/Pillow-10.1.0-cp311-cp311-musllinux_1_1_x86_64.whl", hash = "sha256:a92386125e9ee90381c3369f57a2a50fa9e6aa8b1cf1d9c4b200d41a7dd8e992", size = 3600912 },
    { url = "https://files.pythonhosted.org/packages/b1/38/31def4109acd4db10672df6f806b175c0d21458f845ddc0890e43238ba7c/Pillow-10.1.0-cp311-cp311-win_amd64.whl", hash = "sha256:0f7c276c05a9767e877a0b4c5050c8bee6a6d960d7f0c11ebda6b99746068c2a", size = 2609067 },
    { url = "https://files.pythonhosted.org/packages/40/80/9df9bb85b3209d62b85064c956a819e9e06279c6accf7e0f6a89ff4d9d6d/Pillow-10.1.0-cp312-cp312-macosx_10_10_x86_64.whl", hash = "sha256:a89b8312d51715b510a4fe9fc13686283f376cfd5abca8cd1c65e4c76e21081b", size = 3483728 },
    { url = "https://files.pythonhosted.org/packages/3d/6f/6f716f16bcb9bf39f54b9d2d993f535a0ee42cc0fec973c80839b0720ca2/Pillow-10.1.0-cp312-cp312-macosx_11_0_arm64.whl", hash = "sha256:00f438bb841382b15d7deb9a05cc946ee0f2c352653c7aa659e75e592f6fa17d", size = 3293897 },
    { url = "https://files.pythonhosted.org/packages/33/c6/1abfffbbdd803a44fb4aa009218502a0e353bfcc96b045a24ad1a194c705/Pillow-10.1.0-cp312-cp312-manylinux_2_17_aarch64.manylinux2014_aarch64.whl", hash = "sha256:3d929a19f5469b3f4df33a3df2983db070ebb2088a1e145e18facbc28cae5b27", size = 3424287 },
    { url = "https://files.pythonhosted.org/packages/1f/40/ff02ca10167c3d68c84b61142a5acd28b09ea5f833fffe9a77c4d8d5f96a/Pillow-10.1.0-cp312-cp312-manylinux_2_17_x86_64.manylinux2014_x86_64.whl", hash = "sha256:9a92109192b360634a4489c0c756364c0c3a2992906752165ecb50544c251312", size = 3500620 },
    { url = "https://files.pythonhosted.org/packages/15/57/925008390581a15c024dd57206ca622fd0ea85fbd194169efc3ff48ecda1/Pillow-10.1.0-cp312-cp312-manylinux_2_28_aarch64.whl", hash = "sha256:0248f86b3ea061e67817c47ecbe82c23f9dd5d5226200eb9090b3873d3ca32de", size = 3475368 },
    { url = "https://files.pythonhosted.org/packages/44/ed/a6f7dcd6631ec55b8d26c6a8bca762b04b7025daa3aa67e860a886abed89/Pillow-10.1.0-cp312-cp312-manylinux_2_28_x86_64.whl", hash = "sha256:9882a7451c680c12f232a422730f986a1fcd808da0fd428f08b671237237d651", size = 3621896 },
    { url = "https://files.pythonhosted.org/packages/3f/e7/cf988402f838843362c471ca2a240d4be46adcabc508be4e70ba7721e9ee/Pillow-10.1.0-cp312-cp312-musllinux_1_1_aarch64.whl", hash = "sha256:1c3ac5423c8c1da5928aa12c6e258921956757d976405e9467c5f39d1d577a4b", size = 3561709 },
    { url = "https://files.pythonhosted.org/packages/04/3d/bf353b366d1a39a95ff861129ba3af8499d48e06634d50c10cf4136cbe7d/Pillow-10.1.0-cp312-cp312-musllinux_1_1_x86_64.whl", hash = "sha256:806abdd8249ba3953c33742506fe414880bad78ac25cc9a9b1c6ae97bedd573f", size = 3602069 },
    { url = "https://files.pythonhosted.org/packages/32/e4/978865107d097dd9cb650331676d8dc29ed9fcd0aaab46486e9d6e5123f0/Pillow-10.1.0-cp312-cp312-win_amd64.whl", hash = "sha256:eaed6977fa73408b7b8a24e8b14e59e1668cfc0f4c40193ea7ced8e210adf996", size = 2609160 },
]

[[package]]
name = "requests"
version = "2.31.0"
source = { registry = "https://pypi.org/simple" }
dependencies = [
    { name = "certifi" },
    { name = "charset-normalizer" },
    { name = "idna" },
    { name = "urllib3" },
]
sdist = { url = "https://files.pythonhosted.org/packages/9d/be/10918a2eac4ae9f02f6cfe6414b7a155ccd8f7f9d4380d62fd5b955065c3/requests-2.31.0.tar.gz", hash = "sha256:942c5a758f98d790eaed1a29cb6eefc7ffb0d1cf7af05c3d2791656dbd6ad1e1", size = 110794 }
wheels = [
    { url = "https://files.pythonhosted.org/packages/70/8e/0e2d847013cb52cd35b38c009bb167a1a26b2ce6cd6965bf26b47bc0bf44/requests-2.31.0-py3-none-any.whl", hash = "sha256:58cd2187c01e70e6e26505bca751777aa9f2ee0b7f4300988b709f44e013003f", size = 62574 },
]

[[package]]
name = "setuptools"
version = "75.1.0"
source = { registry = "https://pypi.org/simple" }
sdist = { url = "https://files.pythonhosted.org/packages/27/b8/f21073fde99492b33ca357876430822e4800cdf522011f18041351dfa74b/setuptools-75.1.0.tar.gz", hash = "sha256:d59a21b17a275fb872a9c3dae73963160ae079f1049ed956880cd7c09b120538", size = 1348057 }
wheels = [
    { url = "https://files.pythonhosted.org/packages/ff/ae/f19306b5a221f6a436d8f2238d5b80925004093fa3edea59835b514d9057/setuptools-75.1.0-py3-none-any.whl", hash = "sha256:35ab7fd3bcd95e6b7fd704e4a1539513edad446c097797f2985e0e4b960772f2", size = 1248506 },
]

[[package]]
name = "sympy"
version = "1.12"
source = { registry = "https://pypi.org/simple" }
dependencies = [
    { name = "mpmath" },
]
sdist = { url = "https://files.pythonhosted.org/packages/e5/57/3485a1a3dff51bfd691962768b14310dae452431754bfc091250be50dd29/sympy-1.12.tar.gz", hash = "sha256:ebf595c8dac3e0fdc4152c51878b498396ec7f30e7a914d6071e674d49420fb8", size = 6722203 }
wheels = [
    { url = "https://files.pythonhosted.org/packages/d2/05/e6600db80270777c4a64238a98d442f0fd07cc8915be2a1c16da7f2b9e74/sympy-1.12-py3-none-any.whl", hash = "sha256:c3588cd4295d0c0f603d0f2ae780587e64e2efeedb3521e46b9bb1d08d184fa5", size = 5742435 },
]

[[package]]
name = "torch"
version = "2.1.0"
source = { registry = "https://pypi.org/simple" }
dependencies = [
    { name = "filelock" },
    { name = "fsspec" },
    { name = "jinja2" },
    { name = "networkx" },
    { name = "nvidia-cublas-cu12", marker = "platform_machine == 'x86_64' and platform_system == 'Linux'" },
    { name = "nvidia-cuda-cupti-cu12", marker = "platform_machine == 'x86_64' and platform_system == 'Linux'" },
    { name = "nvidia-cuda-nvrtc-cu12", marker = "platform_machine == 'x86_64' and platform_system == 'Linux'" },
    { name = "nvidia-cuda-runtime-cu12", marker = "platform_machine == 'x86_64' and platform_system == 'Linux'" },
    { name = "nvidia-cudnn-cu12", marker = "platform_machine == 'x86_64' and platform_system == 'Linux'" },
    { name = "nvidia-cufft-cu12", marker = "platform_machine == 'x86_64' and platform_system == 'Linux'" },
    { name = "nvidia-curand-cu12", marker = "platform_machine == 'x86_64' and platform_system == 'Linux'" },
    { name = "nvidia-cusolver-cu12", marker = "platform_machine == 'x86_64' and platform_system == 'Linux'" },
    { name = "nvidia-cusparse-cu12", marker = "platform_machine == 'x86_64' and platform_system == 'Linux'" },
    { name = "nvidia-nccl-cu12", marker = "platform_machine == 'x86_64' and platform_system == 'Linux'" },
    { name = "nvidia-nvtx-cu12", marker = "platform_machine == 'x86_64' and platform_system == 'Linux'" },
    { name = "sympy" },
    { name = "triton", marker = "platform_machine == 'x86_64' and platform_system == 'Linux'" },
    { name = "typing-extensions" },
]
wheels = [
    { url = "https://files.pythonhosted.org/packages/5b/13/fcabc86948f9e89b62a538670720f8589d63f93d3f4f3d172236a98e70f8/torch-2.1.0-cp311-cp311-manylinux1_x86_64.whl", hash = "sha256:2224622407ca52611cbc5b628106fde22ed8e679031f5a99ce286629fc696128", size = 670193698 },
    { url = "https://files.pythonhosted.org/packages/e6/af/8deb5d64e933e8ad986d2602d0ede96da8f2bc49659ed7c367a39649f212/torch-2.1.0-cp311-cp311-manylinux2014_aarch64.whl", hash = "sha256:8132efb782cd181cc2dcca5e58effbe4217cdb2581206ac71466d535bf778867", size = 84158846 },
    { url = "https://files.pythonhosted.org/packages/74/07/edce54779f5c3fe8ab8390eafad3d7c8190fce68f922a254ea77f4a94a99/torch-2.1.0-cp311-cp311-win_amd64.whl", hash = "sha256:5c3bfa91ce25ba10116c224c59d5b64cdcce07161321d978bd5a1f15e1ebce72", size = 192334326 },
    { url = "https://files.pythonhosted.org/packages/16/dd/1bf10180ba812afa1aa7427466083d731bc37b9a1157ec929d0cfeef87eb/torch-2.1.0-cp311-none-macosx_10_9_x86_64.whl", hash = "sha256:601b0a2a9d9233fb4b81f7d47dca9680d4f3a78ca3f781078b6ad1ced8a90523", size = 146687601 },
    { url = "https://files.pythonhosted.org/packages/7b/7c/4d8728e6f8dbe2b8af054bd92c290d94c633270443514e3ee4b768125cf9/torch-2.1.0-cp311-none-macosx_11_0_arm64.whl", hash = "sha256:3cd1dedff13884d890f18eea620184fb4cd8fd3c68ce3300498f427ae93aa962", size = 59554546 },
]

[[package]]
name = "torchaudio"
version = "2.1.0"
source = { registry = "https://pypi.org/simple" }
dependencies = [
    { name = "torch" },
]
wheels = [
    { url = "https://files.pythonhosted.org/packages/38/f8/3ec994390d2ec2fc250425eefbb328f3e6a073b42e592ed908e8af3807d7/torchaudio-2.1.0-cp311-cp311-macosx_10_13_x86_64.whl", hash = "sha256:8bd1eef53c353cea7eb6cbe1013cbd9e51c48987e19d06bdbb29a22846b8c6b1", size = 3365759 },
    { url = "https://files.pythonhosted.org/packages/b1/fc/9c2ac53ee9f28775db67c0b7b7b2d47dc1c9e5b70bc1fb5d57786f509f51/torchaudio-2.1.0-cp311-cp311-macosx_11_0_arm64.whl", hash = "sha256:fc97182abab2065d8bbf56f3732883e40acfcfec38f2581c97710b1fca93c4a7", size = 1729692 },
    { url = "https://files.pythonhosted.org/packages/8e/fb/32bebfa0aea36a2ee8f9cfab2ac023176a438163638587665616f13004d2/torchaudio-2.1.0-cp311-cp311-manylinux1_x86_64.whl", hash = "sha256:b2cd0873d24645b67c7e269c8a24bd160b8214874207ba90fbc133a482e85b6e", size = 3265605 },
    { url = "https://files.pythonhosted.org/packages/d7/61/787ba4b4bc939d4480110794c76fb3d54c727d9fde6ae4198674c00edffc/torchaudio-2.1.0-cp311-cp311-manylinux2014_aarch64.whl", hash = "sha256:328e5f36830e886c2b6f2a35868858aa464b9c1aae3c87d70b2b4fac3721b822", size = 1588263 },
    { url = "https://files.pythonhosted.org/packages/11/30/715101782513f94c834ebe3afb9a29b0fae1121f64963db9d39fb80da53e/torchaudio-2.1.0-cp311-cp311-win_amd64.whl", hash = "sha256:eddd74545d73a74c424936fdc98d817b139be994185eebf60c7663f578118a47", size = 2320493 },
]

[[package]]
name = "torchvision"
version = "0.16.0"
source = { registry = "https://pypi.org/simple" }
dependencies = [
    { name = "numpy" },
    { name = "pillow" },
    { name = "requests" },
    { name = "torch" },
]
wheels = [
    { url = "https://files.pythonhosted.org/packages/23/84/46481327771d4f63feb59dd0d9e1cd6a42e985dbd371965f486a5bf9f323/torchvision-0.16.0-cp311-cp311-macosx_10_13_x86_64.whl", hash = "sha256:31fdf289bdfb2976f65a14f79f6ddd1ee60113db34622674918e61521c2dc41f", size = 1705744 },
    { url = "https://files.pythonhosted.org/packages/dd/48/85ef87f1548620d7c3743cbe135b90d8cf673fc7b8594361917558d765b6/torchvision-0.16.0-cp311-cp311-macosx_11_0_arm64.whl", hash = "sha256:2294a6514a31a6fda562288b28cf6db57877237f4b56ff693262f237a7ed4035", size = 1617096 },
    { url = "https://files.pythonhosted.org/packages/08/aa/033a0a1bca4a3b8f81f97709024e053da37cf5c970f3dc5d76233c920b99/torchvision-0.16.0-cp311-cp311-manylinux1_x86_64.whl", hash = "sha256:6a24a1e83e4bc7a31b39ef05d2ca4cd2182e95ff10f525edffe1473f7ce16ca1", size = 6920174 },
    { url = "https://files.pythonhosted.org/packages/ab/1a/56e7df23d2ef1526094f7f895f00a2151a67ffa36dfb85d7c24246b25d81/torchvision-0.16.0-cp311-cp311-manylinux2014_aarch64.whl", hash = "sha256:9ed5f21e5a56e466667c6f9f6f93dba2a75e29921108bd70043eaf8e9ba0a7cc", size = 14076642 },
    { url = "https://files.pythonhosted.org/packages/20/ac/ab6f42af83349e679b03c9bb18354740c6b58b17dba329fb408730230584/torchvision-0.16.0-cp311-cp311-win_amd64.whl", hash = "sha256:9ee3d4df7d4a84f883f8ad11fb6510549f40f68dd5469eae601d7e02fb4809b2", size = 1262967 },
]

[[package]]
name = "triton"
version = "2.1.0"
source = { registry = "https://pypi.org/simple" }
dependencies = [
    { name = "filelock" },
]
wheels = [
    { url = "https://files.pythonhosted.org/packages/5c/c1/54fffb2eb13d293d9a429fead3646752ea190de0229bcf3d591ba2481263/triton-2.1.0-0-cp311-cp311-manylinux2014_x86_64.manylinux_2_17_x86_64.whl", hash = "sha256:919b06453f0033ea52c13eaf7833de0e57db3178d23d4e04f9fc71c4f2c32bf8", size = 89234153 },
]

[[package]]
name = "typing-extensions"
version = "4.8.0"
source = { registry = "https://pypi.org/simple" }
sdist = { url = "https://files.pythonhosted.org/packages/1f/7a/8b94bb016069caa12fc9f587b28080ac33b4fbb8ca369b98bc0a4828543e/typing_extensions-4.8.0.tar.gz", hash = "sha256:df8e4339e9cb77357558cbdbceca33c303714cf861d1eef15e1070055ae8b7ef", size = 71456 }
wheels = [
    { url = "https://files.pythonhosted.org/packages/24/21/7d397a4b7934ff4028987914ac1044d3b7d52712f30e2ac7a2ae5bc86dd0/typing_extensions-4.8.0-py3-none-any.whl", hash = "sha256:8f92fc8806f9a6b641eaa5318da32b44d401efaac0f6678c9bc448ba3605faa0", size = 31584 },
]

[[package]]
name = "urllib3"
version = "2.0.7"
source = { registry = "https://pypi.org/simple" }
sdist = { url = "https://files.pythonhosted.org/packages/af/47/b215df9f71b4fdba1025fc05a77db2ad243fa0926755a52c5e71659f4e3c/urllib3-2.0.7.tar.gz", hash = "sha256:c97dfde1f7bd43a71c8d2a58e369e9b2bf692d1334ea9f9cae55add7d0dd0f84", size = 282546 }
wheels = [
    { url = "https://files.pythonhosted.org/packages/d2/b2/b157855192a68541a91ba7b2bbcb91f1b4faa51f8bae38d8005c034be524/urllib3-2.0.7-py3-none-any.whl", hash = "sha256:fdb6d215c776278489906c2f8916e6e7d4f5a9b602ccbcfdf7f016fc8da0596e", size = 124213 },
]
